
Microsoft Visual Studio Solution File, Format Version 12.00
# Visual Studio 15
VisualStudioVersion = 15.0.28307.1525
MinimumVisualStudioVersion = 10.0.40219.1
Project("{FAE04EC0-301F-11D3-BF4B-00C04F79EFBC}") = "ASPProject", "ASPProject\ASPProject.csproj", "{FB55FCA0-997D-441C-BEE5-6EED0CC3ADF7}"
EndProject
Global
	GlobalSection(SolutionConfigurationPlatforms) = preSolution
		Debug|Any CPU = Debug|Any CPU
		Release|Any CPU = Release|Any CPU
	EndGlobalSection
	GlobalSection(ProjectConfigurationPlatforms) = postSolution
		{FB55FCA0-997D-441C-BEE5-6EED0CC3ADF7}.Debug|Any CPU.ActiveCfg = Debug|Any CPU
		{FB55FCA0-997D-441C-BEE5-6EED0CC3ADF7}.Debug|Any CPU.Build.0 = Debug|Any CPU
		{FB55FCA0-997D-441C-BEE5-6EED0CC3ADF7}.Release|Any CPU.ActiveCfg = Release|Any CPU
		{FB55FCA0-997D-441C-BEE5-6EED0CC3ADF7}.Release|Any CPU.Build.0 = Release|Any CPU
	EndGlobalSection
	GlobalSection(SolutionProperties) = preSolution
		HideSolutionNode = FALSE
	EndGlobalSection
	GlobalSection(ExtensibilityGlobals) = postSolution
		SolutionGuid = {C3B9D365-2462-4A36-B8FF-5274929CF0C3}
	EndGlobalSection
EndGlobal
